{
  "version": "3",
  "packages": {
    "specifiers": {
      "npm:crypto-js": "npm:crypto-js@4.2.0",
      "npm:oauth-1.0a": "npm:oauth-1.0a@2.2.6"
    },
    "npm": {
      "crypto-js@4.2.0": {
        "integrity": "sha512-KALDyEYgpY+Rlob/iriUtjV6d5Eq+Y191A5g4UqLAi8CyGP9N1+FdVbkc1SxKc2r4YAYqG8JzO2KGL+AizD70Q==",
        "dependencies": {}
      },
      "oauth-1.0a@2.2.6": {
        "integrity": "sha512-6bkxv3N4Gu5lty4viIcIAnq5GbxECviMBeKR3WX/q87SPQ8E8aursPZUtsXDnxCs787af09WPRBLqYrf/lwoYQ==",
        "dependencies": {}
      }
    }
  },
  "remote": {
    "https://esm.sh/@google-cloud/text-to-speech@5.0.2": "3a2d650b128f28469bd41cb1b8c02a5f422e8b2de7291fbca4652813e410254e",
    "https://esm.sh/v135/@google-cloud/text-to-speech@5.0.2/denonext/text-to-speech.mjs": "4f9e3380f80581d5bcf36c92684e5426fa58e62ebf622584ba24a8fbc876f74f",
    "https://esm.sh/v135/@protobufjs/aspromise@1.1.2/denonext/aspromise.mjs": "3d83037425036ea5fa83a5893059b313e9197af8b1ba84f775ac05e6df7736e4",
    "https://esm.sh/v135/@protobufjs/base64@1.1.2/denonext/base64.mjs": "acea461f17e7d0f813b08a633809c6810dc592b28a9eb26dba0b8f1b7af911b8",
    "https://esm.sh/v135/@protobufjs/codegen@2.0.4/denonext/codegen.mjs": "2cd98d35edba82c53dc7e96036c2dc4080f058e3c94c340e4c559a5d83bdeff5",
    "https://esm.sh/v135/@protobufjs/eventemitter@1.1.0/denonext/eventemitter.mjs": "0299224895b8f43109b42926a0ee2dadd6138e638445327585107a8cc82f6a17",
    "https://esm.sh/v135/@protobufjs/fetch@1.1.0/denonext/fetch.mjs": "59579a01545f9bd7c909e3f5477a2ba4101ffc551ce9723317733ec3f76f5893",
    "https://esm.sh/v135/@protobufjs/float@1.0.2/denonext/float.mjs": "af49a1cdbb9b232cdef5f8a772e04bf4628671873bd39ca33a9dd9ffd0115dea",
    "https://esm.sh/v135/@protobufjs/inquire@1.1.0/denonext/inquire.mjs": "5920ac62d435331221345c39a263ceb1d2f8711df73cb5af89ccd41074fcc82a",
    "https://esm.sh/v135/@protobufjs/path@1.1.2/denonext/path.mjs": "0c5e2f8b6b186e358d8fdb94a46f54fc18b3b53cb5fc82e18dd9b041858e4d7e",
    "https://esm.sh/v135/@protobufjs/pool@1.1.0/denonext/pool.mjs": "01b3d9ea0df1fefa04eae55ea83d2a8198cfcb3e6dbfac15a8bf37cfc80abd19",
    "https://esm.sh/v135/@protobufjs/utf8@1.1.0/denonext/utf8.mjs": "52b7bc421bad149db24d90d8ac5364f2c9f9766e5449fd266d5edf04b2669f23",
    "https://esm.sh/v135/agent-base@7.1.0/denonext/agent-base.mjs": "0cfda332cb4694510eaeaa42dc88eed2223a9e6bed7352727a15ff163ee6b285",
    "https://esm.sh/v135/ajv@6.12.6/denonext/ajv.mjs": "34edf781706f54b55f5507f059be72c1792788f2a7a5b4cdd51797dc90edc180",
    "https://esm.sh/v135/asn1@0.2.6/denonext/asn1.mjs": "6c05654e48e84fa15c3370af7411565cd5e45810b213961c1f1ae71a5faa2468",
    "https://esm.sh/v135/assert-plus@1.0.0/denonext/assert-plus.mjs": "50ebe34b817cc311a7ebbe63d5af0b72ad0ab9e30b6c90e3344c11556e98e2c2",
    "https://esm.sh/v135/aws-sign2@0.7.0/denonext/aws-sign2.mjs": "acf5add98759b9dedaba54335c791f468b3fc1681f86cdc86306da24b52611e0",
    "https://esm.sh/v135/aws4@1.12.0/denonext/aws4.mjs": "a9bee7397e4d31e972b28d4cba022e92e82a7e277462662aa4d20642b2847d51",
    "https://esm.sh/v135/base64-js@1.5.1/denonext/base64-js.mjs": "37ce4431d0b110375d0cafee5cb015592b09352595aca9393e5ecf417f71fae2",
    "https://esm.sh/v135/bcrypt-pbkdf@1.0.2/denonext/bcrypt-pbkdf.mjs": "4eb45c92c86ff9433e849407f18f2239b658537e84285db46d2de4c3d53a8aff",
    "https://esm.sh/v135/bignumber.js@9.1.2/denonext/bignumber.mjs": "881ca4ea8416ac1357be523dd209ad771bc9fa3c41b881ddae76592491a7007f",
    "https://esm.sh/v135/buffer-equal-constant-time@1.0.1/denonext/buffer-equal-constant-time.mjs": "8078ba0314f3174eb9f95f33122dda5f7fc05f6cfbbf153449133f3f4454c6dd",
    "https://esm.sh/v135/caseless@0.12.0/denonext/caseless.mjs": "eac4e184e71bd3d35df9187bbbf6b6d3cc46163631bcc4a3f44ac2270e4023b7",
    "https://esm.sh/v135/combined-stream@1.0.8/denonext/combined-stream.mjs": "4b7a8082ef1a084bad6a435ff7f2281d499e66da5362819c23e44e11dbaddd15",
    "https://esm.sh/v135/core-util-is@1.0.2/denonext/core-util-is.mjs": "68c63612923430dfc235660d8f51ee58c62f006647fd2c7e70d2bd6cb88490a9",
    "https://esm.sh/v135/debug@4.3.4/denonext/debug.mjs": "d2ebf776ea77aa7df1b4460eb2a4aab245a9d5b19f11fa1db25f756b350bae9d",
    "https://esm.sh/v135/delayed-stream@1.0.0/denonext/delayed-stream.mjs": "91dde4f416c73d8b00d12a32caa6a0bf51f475f371006b26f2dff2225c1fa602",
    "https://esm.sh/v135/duplexify@4.1.2/denonext/duplexify.mjs": "d79a0a74ba6698784ee6dd0489585ee927c64ec7fe7a21b605313321847fa91e",
    "https://esm.sh/v135/ecc-jsbn@0.1.2/denonext/ecc-jsbn.mjs": "110763dc51c55cff40b5961e60a0baa9dff8a428dcce66461ab0336f724b7230",
    "https://esm.sh/v135/ecc-jsbn@0.1.2/denonext/lib/ec.js": "f689d1dc7ee9b938eec69912ec164e4e410de16f98f8354f38e5d18efeb0e134",
    "https://esm.sh/v135/ecdsa-sig-formatter@1.0.11/denonext/ecdsa-sig-formatter.mjs": "c257539e93bbc1e554ae0286d9a60a72c79594fd4d2f8d133d37412748c9810c",
    "https://esm.sh/v135/end-of-stream@1.4.4/denonext/end-of-stream.mjs": "5eaf8ba6f7550da833b916236d3f97a393169d39ebd9012239fb43c161f6e4db",
    "https://esm.sh/v135/extend@3.0.2/denonext/extend.mjs": "6ab9e4890dfa54ec88fa326fca525c211141d6da72188f54e9610d1281219c9e",
    "https://esm.sh/v135/extsprintf@1.3.0/denonext/extsprintf.mjs": "dbc93e01da864a22a1fdc65ad7327750630650e4b93800bca8a6a01b15ddc62d",
    "https://esm.sh/v135/extsprintf@1.4.1/denonext/extsprintf.mjs": "8bdd25041746ec393223c2ab3f740f38d672b8f6e52e384f5c9f114688319405",
    "https://esm.sh/v135/fast-deep-equal@3.1.3/denonext/fast-deep-equal.mjs": "6313b3e05436550e1c0aeb2a282206b9b8d9213b4c6f247964dd7bb4835fb9e5",
    "https://esm.sh/v135/fast-json-stable-stringify@2.1.0/denonext/fast-json-stable-stringify.mjs": "56a4807f5bc022ed2a240d97b4ca83c1227fece1e5e7e48f1c4971cd333ee6c5",
    "https://esm.sh/v135/forever-agent@0.6.1/denonext/forever-agent.mjs": "5d244907c144ca1c911d59151fed46c3806fb13138ae9f6f6dfdd562ec07abd7",
    "https://esm.sh/v135/form-data@2.3.3/denonext/form-data.mjs": "afa71f2621744fcc0440f00ec5f86f998d8a4f83a4b8efe3a815ac7d4e2c3110",
    "https://esm.sh/v135/gaxios@6.1.1/denonext/gaxios.mjs": "42b75bb073b7364847ddfdf611adf13a5a3fe3cb7c2757423f6331f4eb3f3fed",
    "https://esm.sh/v135/gcp-metadata@6.0.0/denonext/gcp-metadata.mjs": "24b6d7723804bb5e57acb23707195c20ccda0a8f58e144badd410b73598bbfb3",
    "https://esm.sh/v135/gcp-metadata@6.1.0/denonext/gcp-metadata.mjs": "5b72a5e92233641e5814e037c2804c29edad6be5aa186c2be64dbb00740e1f01",
    "https://esm.sh/v135/google-auth-library@9.2.0/denonext/google-auth-library.mjs": "4c2b528be1de1b5e41e03a907144681f8c0eba0286da1227d14b54bd8ef8ff4c",
    "https://esm.sh/v135/google-auth-library@9.6.3/denonext/google-auth-library.mjs": "51c5e8baf9a354623eaf63bd0ec03e00c1b01901082bc0a456f98084f46f4d1c",
    "https://esm.sh/v135/google-gax@4.0.5/denonext/build/src/protobuf.js": "5badde20d3376455a48f0eb408cb04ac80cbef223d6f052ada48fd6de8a9937e",
    "https://esm.sh/v135/google-gax@4.0.5/denonext/google-gax.mjs": "ea434f48601b861d94d5f916f53e292db4509a04b2b14cfef19b6a35c198bb22",
    "https://esm.sh/v135/google-gax@4.3.1/denonext/build/src/protobuf.js": "60d1aa60dd40a9734ce40d7b8f828f7b6f6f2bc12b837ecc761df1a5e4e32db7",
    "https://esm.sh/v135/google-gax@4.3.1/denonext/google-gax.mjs": "0dc5e8aefd1bfe4a51b2063ef63f55dfd290973b98c418671072003602eb91d2",
    "https://esm.sh/v135/gtoken@7.0.1/denonext/gtoken.mjs": "ff40de03d54e9b22e866b9e34261b98954697cfc41fe7ec45ffa589e2e76c23c",
    "https://esm.sh/v135/har-schema@2.0.0/denonext/har-schema.mjs": "f21658ffb9036937a5a3761fd5a97223151367a0976e14075cdd0a31827f23a5",
    "https://esm.sh/v135/har-validator@5.1.5/denonext/har-validator.mjs": "40be97ff95615e2d14fd612705e36b5670672f32c8bdcf9a9c265518625b49f8",
    "https://esm.sh/v135/http-signature@1.2.0/denonext/http-signature.mjs": "1874b5a36ebbb4bb1bbfe9557ae1a659b60c6f1705155c0f548410953d7b8b34",
    "https://esm.sh/v135/https-proxy-agent@7.0.2/denonext/https-proxy-agent.mjs": "2820b2c86a978463ff9f5378a78a51130c67d83d66e3ee42137a2016cce88e80",
    "https://esm.sh/v135/inherits@2.0.4/denonext/inherits.mjs": "8095f3d6aea060c904fb24ae50f2882779c0acbe5d56814514c8b5153f3b4b3b",
    "https://esm.sh/v135/is-stream@2.0.1/denonext/is-stream.mjs": "456bc690361378c52fac24a7f362044f036942b1298e812799a67882d6c1febf",
    "https://esm.sh/v135/is-typedarray@1.0.0/denonext/is-typedarray.mjs": "78aa6bbff21364228aaaa4c439ab26330f85890bda39f31d647979e28840183d",
    "https://esm.sh/v135/isstream@0.1.2/denonext/isstream.mjs": "79bdc5c186129e14c88b0361492326a94a0f5c6f2a2d20704f61b21dea15a9b1",
    "https://esm.sh/v135/jsbn@0.1.1/denonext/jsbn.mjs": "a9c7ddb1ee5367ee612962400062792b92f1ca9b5d88a349e2cdf9205a4966e3",
    "https://esm.sh/v135/json-bigint@1.0.0/denonext/json-bigint.mjs": "51b2f93368973009d3ece79e6c9fb8d9527656ff32f492360d08c9255fbd967a",
    "https://esm.sh/v135/json-schema-traverse@0.4.1/denonext/json-schema-traverse.mjs": "600fde14c574305fb803c77ef635d0d280375fb4bbea9aba4d2698b60c0c4c68",
    "https://esm.sh/v135/json-schema@0.4.0/denonext/json-schema.mjs": "41a48bdce920f69ceab755dc5b566abbb18d3cbc3fa1bdca77363b005152d495",
    "https://esm.sh/v135/json-stringify-safe@5.0.1/denonext/json-stringify-safe.mjs": "4e8043a286815d39517ff646c371ed0fc9334a44eafb5c58cb92d1bb55762671",
    "https://esm.sh/v135/jsprim@1.4.2/denonext/jsprim.mjs": "d59be95cca0a7c6b5b4dda02b1b37ecceaf25ae0a2b9c06d1f88898e6264fdfb",
    "https://esm.sh/v135/jwa@2.0.0/denonext/jwa.mjs": "86e24b9695b451cf73568b31a1ebc7002b3df50be3ab1c4d6f4f8433dc0e0bf1",
    "https://esm.sh/v135/jws@4.0.0/denonext/jws.mjs": "b7afb0714756f5517e04e4e04feebf36788b9d18d4a411d528ff9e690fc85423",
    "https://esm.sh/v135/mime-db@1.52.0/denonext/mime-db.mjs": "52b5de94b0afa2139224f83773d90861fbc2fca6a1994f1a00a52733e14f4720",
    "https://esm.sh/v135/mime-types@2.1.35/denonext/mime-types.mjs": "17e735bb133c14d5f6e1e5fe26e92d9e4e10c738f7154ed12ff34c9a74a492cd",
    "https://esm.sh/v135/ms@2.1.2/denonext/ms.mjs": "aa4dc45ba72554c5011168f8910cc646c37af53cfff1a15a4decced838b8eb14",
    "https://esm.sh/v135/node_fetch.js": "b11355358cf61343a3c30bd5942df60a3586d13e2c979b515164bfe851662798",
    "https://esm.sh/v135/oauth-sign@0.9.0/denonext/oauth-sign.mjs": "7a45a8ef8cef2aefcb6c93a219b0f292564e86cbf0188dd670c749c3cde7c1c6",
    "https://esm.sh/v135/object-hash@3.0.0/denonext/object-hash.mjs": "1f46afac72dcbd7ca11d5753c960db4ec0a68e8cb9541a8fa0865623dc74d5ee",
    "https://esm.sh/v135/once@1.4.0/denonext/once.mjs": "5ab9193c36609f6c5cf6f1e2e37dd952c87d8ff0b0267433c29b228a2c470cd5",
    "https://esm.sh/v135/performance-now@2.1.0/denonext/performance-now.mjs": "a585d755e99f6bba45aee1b3c4da425a0e74f833d90031cd95d1b7c95a0ed317",
    "https://esm.sh/v135/proto3-json-serializer@2.0.0/denonext/proto3-json-serializer.mjs": "39cdc1d6d9aeede4cbe117f5fa498ff66e78602da00e8c1163755766db6f7fbe",
    "https://esm.sh/v135/protobufjs@7.2.5/denonext/minimal.js": "f21b726a772649329cfd177faae9f8575e163e8f3d61478f2f2ff261f2eb6729",
    "https://esm.sh/v135/protobufjs@7.2.5/denonext/protobufjs.mjs": "4823ee00c5405e8b0f1c132e219ff9881fdbe6db4120910833f232ae65763aad",
    "https://esm.sh/v135/protobufjs@7.2.6/denonext/minimal.js": "978225b5f9fda6407c2f416abbda7d29a1e0e992bb449ad94c6659fd9bcb643b",
    "https://esm.sh/v135/protobufjs@7.2.6/denonext/protobufjs.mjs": "86aa1b01fe718b38db8e50b16d27f5503cce1adcd842aa01d09da0fb40a40528",
    "https://esm.sh/v135/psl@1.9.0/denonext/psl.mjs": "f40e9bcba5f6602eeb677f85f8e2b5c24b706bade58ced5b272044ebea609d9b",
    "https://esm.sh/v135/qs@6.5.3/denonext/qs.mjs": "52aacd73eca176e38c893941f231947569cd5a69e5a9c3d51c7dfd42788baa35",
    "https://esm.sh/v135/readable-stream@3.6.2/denonext/readable-stream.mjs": "35fc04c3200b796d676d0e83607fcfc150048bdcc5bdb7d5d836b5921049788f",
    "https://esm.sh/v135/request@2.88.2/denonext/request.mjs": "449aa8492d1a254f1e786c19ea8201ca6a8baf82cabbbe2f6ce187d10891f88a",
    "https://esm.sh/v135/retry-request@7.0.1/denonext/retry-request.mjs": "bce949acda6daafe04a8dcfb3d839c22f9c965e0013c4e7e6d48dc76463ee878",
    "https://esm.sh/v135/safe-buffer@5.2.1/denonext/safe-buffer.mjs": "facbcb4f4622e13062978522fa12c42cae4e12f55b0e1d3fa1c4bc751bd827c7",
    "https://esm.sh/v135/safer-buffer@2.1.2/denonext/safer-buffer.mjs": "ce0e787812c668ba082ad5b75958490c714b6e05836bd5b6013d9f75727c006f",
    "https://esm.sh/v135/sshpk@1.18.0/denonext/sshpk.mjs": "e9e5aa35d6c11a3f3b4d193e9fcf0c6b29de6c8b965ef8a9e2b7877c6779061c",
    "https://esm.sh/v135/stream-shift@1.0.1/denonext/stream-shift.mjs": "1ec867cd3a4f89303a28e3f50e56a1d60c200b9204e9678e1a7f908f91ccccd9",
    "https://esm.sh/v135/tough-cookie@2.5.0/denonext/tough-cookie.mjs": "41fddd90297444d22d616a8b08e9c52f607d651898d7515076f40ae0c60da720",
    "https://esm.sh/v135/tunnel-agent@0.6.0/denonext/tunnel-agent.mjs": "aa03945c97482eab83c73b4c49f5977400347129d02834438a235614a3a89ba1",
    "https://esm.sh/v135/tweetnacl@0.14.5/denonext/tweetnacl.mjs": "07971fd08ba5a7cfa7c3c99e35756c877226dcfd1bd652055d8cdc4c25f8dbb2",
    "https://esm.sh/v135/uri-js@4.4.1/denonext/uri-js.mjs": "901d462f9db207376b39ec603d841d87e6b9e9568ce97dfaab12aa77d0f99f74",
    "https://esm.sh/v135/util-deprecate@1.0.2/denonext/util-deprecate.mjs": "f69f67cf655c38428b0934e0f7c865c055834a87cc3866b629d6b2beb21005e9",
    "https://esm.sh/v135/uuid@3.4.0/denonext/v4.js": "d39137361c1d3d2c96e76e2978ddd769152f3d21fa48ddc2df5d488a30856e3a",
    "https://esm.sh/v135/uuid@9.0.1/denonext/uuid.mjs": "7d7d3aa57fa136e2540886654c416d9da10d8cfebe408bae47fd47070f0bfb2a",
    "https://esm.sh/v135/verror@1.10.0/denonext/verror.mjs": "d379d23283399eee270c577746438983178103fb96a7ad2f0167cceb9b9106e0",
    "https://esm.sh/v135/wrappy@1.0.2/denonext/wrappy.mjs": "3c31e4782e0307cf56b319fcec6110f925dafe6cb47a8fa23350d480f5fa8b06"
  }
}
